
Microsoft Visual Studio Solution File, Format Version 12.00
# Visual Studio Version 16
VisualStudioVersion = 16.0.30330.147
MinimumVisualStudioVersion = 10.0.40219.1
<<<<<<< HEAD
Project("{9A19103F-16F7-4668-BE54-9A1E7A4F7556}") = "SSIS", "SSIS.csproj", "{C4169D8F-5CDD-41E1-9261-417783C55E22}"
=======
Project("{9A19103F-16F7-4668-BE54-9A1E7A4F7556}") = "SSIS", "SSIS.csproj", "{82B1E469-8990-4E30-AD86-C5D860FC4AB8}"
>>>>>>> master
EndProject
Global
	GlobalSection(SolutionConfigurationPlatforms) = preSolution
		Debug|Any CPU = Debug|Any CPU
		Release|Any CPU = Release|Any CPU
	EndGlobalSection
	GlobalSection(ProjectConfigurationPlatforms) = postSolution
<<<<<<< HEAD
		{C4169D8F-5CDD-41E1-9261-417783C55E22}.Debug|Any CPU.ActiveCfg = Debug|Any CPU
		{C4169D8F-5CDD-41E1-9261-417783C55E22}.Debug|Any CPU.Build.0 = Debug|Any CPU
		{C4169D8F-5CDD-41E1-9261-417783C55E22}.Release|Any CPU.ActiveCfg = Release|Any CPU
		{C4169D8F-5CDD-41E1-9261-417783C55E22}.Release|Any CPU.Build.0 = Release|Any CPU
=======
		{82B1E469-8990-4E30-AD86-C5D860FC4AB8}.Debug|Any CPU.ActiveCfg = Debug|Any CPU
		{82B1E469-8990-4E30-AD86-C5D860FC4AB8}.Debug|Any CPU.Build.0 = Debug|Any CPU
		{82B1E469-8990-4E30-AD86-C5D860FC4AB8}.Release|Any CPU.ActiveCfg = Release|Any CPU
		{82B1E469-8990-4E30-AD86-C5D860FC4AB8}.Release|Any CPU.Build.0 = Release|Any CPU
>>>>>>> master
	EndGlobalSection
	GlobalSection(SolutionProperties) = preSolution
		HideSolutionNode = FALSE
	EndGlobalSection
	GlobalSection(ExtensibilityGlobals) = postSolution
<<<<<<< HEAD
		SolutionGuid = {9C6F8234-D354-4537-814F-4D6A4D3BD8E1}
=======
		SolutionGuid = {ACE9450E-161E-4335-ACA4-1FFBB78FAA46}
>>>>>>> master
	EndGlobalSection
EndGlobal
