
Microsoft Visual Studio Solution File, Format Version 12.00
# Visual Studio Version 16
VisualStudioVersion = 16.0.30330.147
MinimumVisualStudioVersion = 10.0.40219.1
Project("{9A19103F-16F7-4668-BE54-9A1E7A4F7556}") = "SSIS", "SSIS.csproj", "{C4169D8F-5CDD-41E1-9261-417783C55E22}"
EndProject
Global
	GlobalSection(SolutionConfigurationPlatforms) = preSolution
		Debug|Any CPU = Debug|Any CPU
		Release|Any CPU = Release|Any CPU
	EndGlobalSection
	GlobalSection(ProjectConfigurationPlatforms) = postSolution
		{C4169D8F-5CDD-41E1-9261-417783C55E22}.Debug|Any CPU.ActiveCfg = Debug|Any CPU
		{C4169D8F-5CDD-41E1-9261-417783C55E22}.Debug|Any CPU.Build.0 = Debug|Any CPU
		{C4169D8F-5CDD-41E1-9261-417783C55E22}.Release|Any CPU.ActiveCfg = Release|Any CPU
		{C4169D8F-5CDD-41E1-9261-417783C55E22}.Release|Any CPU.Build.0 = Release|Any CPU
	EndGlobalSection
	GlobalSection(SolutionProperties) = preSolution
		HideSolutionNode = FALSE
	EndGlobalSection
	GlobalSection(ExtensibilityGlobals) = postSolution
		SolutionGuid = {ACE9450E-161E-4335-ACA4-1FFBB78FAA46}
	EndGlobalSection
EndGlobal
